
Microsoft Visual Studio Solution File, Format Version 12.00
# Visual Studio Version 16
VisualStudioVersion = 16.0.29613.14
MinimumVisualStudioVersion = 10.0.40219.1
Project("{00D1A9C2-B5F0-4AF3-8072-F6C62B433612}") = "Northwind", "Northwind\Northwind.sqlproj", "{9B842C2E-373F-48B0-A45E-CECA67B1F806}"
EndProject
Global
	GlobalSection(SolutionConfigurationPlatforms) = preSolution
		Debug|Any CPU = Debug|Any CPU
		Release|Any CPU = Release|Any CPU
	EndGlobalSection
	GlobalSection(ProjectConfigurationPlatforms) = postSolution
		{9B842C2E-373F-48B0-A45E-CECA67B1F806}.Debug|Any CPU.ActiveCfg = Debug|Any CPU
		{9B842C2E-373F-48B0-A45E-CECA67B1F806}.Debug|Any CPU.Build.0 = Debug|Any CPU
		{9B842C2E-373F-48B0-A45E-CECA67B1F806}.Debug|Any CPU.Deploy.0 = Debug|Any CPU
		{9B842C2E-373F-48B0-A45E-CECA67B1F806}.Release|Any CPU.ActiveCfg = Release|Any CPU
		{9B842C2E-373F-48B0-A45E-CECA67B1F806}.Release|Any CPU.Build.0 = Release|Any CPU
		{9B842C2E-373F-48B0-A45E-CECA67B1F806}.Release|Any CPU.Deploy.0 = Release|Any CPU
	EndGlobalSection
	GlobalSection(SolutionProperties) = preSolution
		HideSolutionNode = FALSE
	EndGlobalSection
	GlobalSection(ExtensibilityGlobals) = postSolution
		SolutionGuid = {23436245-48E0-49DA-8D60-A3E4B6F53010}
	EndGlobalSection
EndGlobal
